
Microsoft Visual Studio Solution File, Format Version 12.00
# Visual Studio Version 16
VisualStudioVersion = 16.0.31424.327
MinimumVisualStudioVersion = 10.0.40219.1
Project("{8BC9CEB8-8B4A-11D0-8D11-00A0C91BC942}") = "CFT_Server", "CFT_Server\CFT_Server.vcxproj", "{60507162-4C8D-4333-93A3-134F41C14408}"
EndProject
Project("{8BC9CEB8-8B4A-11D0-8D11-00A0C91BC942}") = "CFT_Client", "CFT_Client\CFT_Client.vcxproj", "{DAD2AFE4-E70D-4D09-94FD-6B93056F3070}"
EndProject
Project("{8BC9CEB8-8B4A-11D0-8D11-00A0C91BC942}") = "ProtoCProj", "ProtoCProj\ProtoCProj.vcxproj", "{885AA34C-112E-42A3-B909-414C07488985}"
EndProject
Project("{8BC9CEB8-8B4A-11D0-8D11-00A0C91BC942}") = "CFT_UDP_Server", "CFT_UDP_Server\CFT_UDP_Server.vcxproj", "{F64C51F0-8F1D-4293-B0BE-DF60EBC2B806}"
EndProject
Project("{8BC9CEB8-8B4A-11D0-8D11-00A0C91BC942}") = "CFT_UDP_Client", "CFT_UDP_Client\CFT_UDP_Client.vcxproj", "{F6B42BE5-9C08-4D9B-82FA-3736CDEE578A}"
EndProject
Global
	GlobalSection(SolutionConfigurationPlatforms) = preSolution
		Debug|x64 = Debug|x64
		Debug|x86 = Debug|x86
		Release|x64 = Release|x64
		Release|x86 = Release|x86
	EndGlobalSection
	GlobalSection(ProjectConfigurationPlatforms) = postSolution
		{60507162-4C8D-4333-93A3-134F41C14408}.Debug|x64.ActiveCfg = Debug|x64
		{60507162-4C8D-4333-93A3-134F41C14408}.Debug|x64.Build.0 = Debug|x64
		{60507162-4C8D-4333-93A3-134F41C14408}.Debug|x86.ActiveCfg = Debug|Win32
		{60507162-4C8D-4333-93A3-134F41C14408}.Debug|x86.Build.0 = Debug|Win32
		{60507162-4C8D-4333-93A3-134F41C14408}.Release|x64.ActiveCfg = Release|x64
		{60507162-4C8D-4333-93A3-134F41C14408}.Release|x64.Build.0 = Release|x64
		{60507162-4C8D-4333-93A3-134F41C14408}.Release|x86.ActiveCfg = Release|Win32
		{60507162-4C8D-4333-93A3-134F41C14408}.Release|x86.Build.0 = Release|Win32
		{DAD2AFE4-E70D-4D09-94FD-6B93056F3070}.Debug|x64.ActiveCfg = Debug|x64
		{DAD2AFE4-E70D-4D09-94FD-6B93056F3070}.Debug|x64.Build.0 = Debug|x64
		{DAD2AFE4-E70D-4D09-94FD-6B93056F3070}.Debug|x86.ActiveCfg = Debug|Win32
		{DAD2AFE4-E70D-4D09-94FD-6B93056F3070}.Debug|x86.Build.0 = Debug|Win32
		{DAD2AFE4-E70D-4D09-94FD-6B93056F3070}.Release|x64.ActiveCfg = Release|x64
		{DAD2AFE4-E70D-4D09-94FD-6B93056F3070}.Release|x64.Build.0 = Release|x64
		{DAD2AFE4-E70D-4D09-94FD-6B93056F3070}.Release|x86.ActiveCfg = Release|Win32
		{DAD2AFE4-E70D-4D09-94FD-6B93056F3070}.Release|x86.Build.0 = Release|Win32
		{885AA34C-112E-42A3-B909-414C07488985}.Debug|x64.ActiveCfg = Debug|x64
		{885AA34C-112E-42A3-B909-414C07488985}.Debug|x64.Build.0 = Debug|x64
		{885AA34C-112E-42A3-B909-414C07488985}.Debug|x86.ActiveCfg = Debug|Win32
		{885AA34C-112E-42A3-B909-414C07488985}.Debug|x86.Build.0 = Debug|Win32
		{885AA34C-112E-42A3-B909-414C07488985}.Release|x64.ActiveCfg = Release|x64
		{885AA34C-112E-42A3-B909-414C07488985}.Release|x64.Build.0 = Release|x64
		{885AA34C-112E-42A3-B909-414C07488985}.Release|x86.ActiveCfg = Release|Win32
		{885AA34C-112E-42A3-B909-414C07488985}.Release|x86.Build.0 = Release|Win32
		{F64C51F0-8F1D-4293-B0BE-DF60EBC2B806}.Debug|x64.ActiveCfg = Debug|x64
		{F64C51F0-8F1D-4293-B0BE-DF60EBC2B806}.Debug|x64.Build.0 = Debug|x64
		{F64C51F0-8F1D-4293-B0BE-DF60EBC2B806}.Debug|x86.ActiveCfg = Debug|Win32
		{F64C51F0-8F1D-4293-B0BE-DF60EBC2B806}.Debug|x86.Build.0 = Debug|Win32
		{F64C51F0-8F1D-4293-B0BE-DF60EBC2B806}.Release|x64.ActiveCfg = Release|x64
		{F64C51F0-8F1D-4293-B0BE-DF60EBC2B806}.Release|x64.Build.0 = Release|x64
		{F64C51F0-8F1D-4293-B0BE-DF60EBC2B806}.Release|x86.ActiveCfg = Release|Win32
		{F64C51F0-8F1D-4293-B0BE-DF60EBC2B806}.Release|x86.Build.0 = Release|Win32
		{F6B42BE5-9C08-4D9B-82FA-3736CDEE578A}.Debug|x64.ActiveCfg = Debug|x64
		{F6B42BE5-9C08-4D9B-82FA-3736CDEE578A}.Debug|x64.Build.0 = Debug|x64
		{F6B42BE5-9C08-4D9B-82FA-3736CDEE578A}.Debug|x86.ActiveCfg = Debug|Win32
		{F6B42BE5-9C08-4D9B-82FA-3736CDEE578A}.Debug|x86.Build.0 = Debug|Win32
		{F6B42BE5-9C08-4D9B-82FA-3736CDEE578A}.Release|x64.ActiveCfg = Release|x64
		{F6B42BE5-9C08-4D9B-82FA-3736CDEE578A}.Release|x64.Build.0 = Release|x64
		{F6B42BE5-9C08-4D9B-82FA-3736CDEE578A}.Release|x86.ActiveCfg = Release|Win32
		{F6B42BE5-9C08-4D9B-82FA-3736CDEE578A}.Release|x86.Build.0 = Release|Win32
	EndGlobalSection
	GlobalSection(SolutionProperties) = preSolution
		HideSolutionNode = FALSE
	EndGlobalSection
	GlobalSection(ExtensibilityGlobals) = postSolution
		SolutionGuid = {F02DFA3D-FFDF-41B1-8E72-81C140552D2D}
	EndGlobalSection
EndGlobal
